{
  "version": "3",
  "redirects": {
    "https://cdn.skypack.dev/-/vis-data@v7.1.4-T8FsVAGUTMBckCNl16HT/dist=es2019,mode=types/esnext.d.ts": "https://cdn.skypack.dev/-/vis-data@v7.1.4-T8FsVAGUTMBckCNl16HT/dist=es2019,mode=types/esnext/index.d.ts",
    "https://cdn.skypack.dev/-/vis-data@v7.1.4-T8FsVAGUTMBckCNl16HT/dist=es2019,mode=types/esnext/esm.d.ts": "https://cdn.skypack.dev/-/vis-data@v7.1.4-T8FsVAGUTMBckCNl16HT/dist=es2019,mode=types/esnext/esm/index.d.ts",
    "https://cdn.skypack.dev/-/vis-data@v7.1.4-T8FsVAGUTMBckCNl16HT/dist=es2019,mode=types/index.d.ts": "https://cdn.skypack.dev/-/vis-data@v7.1.4-T8FsVAGUTMBckCNl16HT/dist=es2019,mode=types/declarations/index.d.ts",
    "https://cdn.skypack.dev/-/vis-util@v5.0.3-ggahGnqgkJvKSU4ayHa3/dist=es2019,mode=types/declarations/random.d.ts": "https://cdn.skypack.dev/-/vis-util@v5.0.3-ggahGnqgkJvKSU4ayHa3/dist=es2019,mode=types/declarations/random/index.d.ts",
    "https://cdn.skypack.dev/-/vis-util@v5.0.3-ggahGnqgkJvKSU4ayHa3/dist=es2019,mode=types/declarations/shared.d.ts": "https://cdn.skypack.dev/-/vis-util@v5.0.3-ggahGnqgkJvKSU4ayHa3/dist=es2019,mode=types/declarations/shared/index.d.ts",
    "https://cdn.skypack.dev/-/vis-util@v5.0.3-ggahGnqgkJvKSU4ayHa3/dist=es2019,mode=types/esnext.d.ts": "https://cdn.skypack.dev/-/vis-util@v5.0.3-ggahGnqgkJvKSU4ayHa3/dist=es2019,mode=types/esnext/index.d.ts",
    "https://cdn.skypack.dev/-/vis-util@v5.0.3-ggahGnqgkJvKSU4ayHa3/dist=es2019,mode=types/esnext/esm.d.ts": "https://cdn.skypack.dev/-/vis-util@v5.0.3-ggahGnqgkJvKSU4ayHa3/dist=es2019,mode=types/esnext/esm/index.d.ts",
    "https://cdn.skypack.dev/-/wakachigaki@v1.3.2-mprJeF3n33nKdpC3NeZL/dist=es2019,mode=types/lib/types/feature": "https://cdn.skypack.dev/-/wakachigaki@v1.3.2-mprJeF3n33nKdpC3NeZL/dist=es2019,mode=types/lib/types/feature/index.d.ts",
    "https://cdn.skypack.dev/-/wakachigaki@v1.3.2-mprJeF3n33nKdpC3NeZL/dist=es2019,mode=types/lib/types/feature.d.ts": "https://cdn.skypack.dev/-/wakachigaki@v1.3.2-mprJeF3n33nKdpC3NeZL/dist=es2019,mode=types/lib/types/feature/index.d.ts",
    "https://cdn.skypack.dev/-/wakachigaki@v1.3.2-mprJeF3n33nKdpC3NeZL/dist=es2019,mode=types/lib/types/hash.d.ts": "https://cdn.skypack.dev/-/wakachigaki@v1.3.2-mprJeF3n33nKdpC3NeZL/dist=es2019,mode=types/lib/types/hash/index.d.ts",
    "https://cdn.skypack.dev/-/wakachigaki@v1.3.2-mprJeF3n33nKdpC3NeZL/dist=es2019,mode=types/lib/types/model.d.ts": "https://cdn.skypack.dev/-/wakachigaki@v1.3.2-mprJeF3n33nKdpC3NeZL/dist=es2019,mode=types/lib/types/model/index.d.ts",
    "https://cdn.skypack.dev/-/wakachigaki@v1.3.2-mprJeF3n33nKdpC3NeZL/dist=es2019,mode=types/lib/types/predict.d.ts": "https://cdn.skypack.dev/-/wakachigaki@v1.3.2-mprJeF3n33nKdpC3NeZL/dist=es2019,mode=types/lib/types/predict/index.d.ts",
    "https://esm.sh/v128/@types/react@~18.2/index.d.ts": "https://esm.sh/v128/@types/react@18.2.14/index.d.ts",
    "https://esm.sh/v135/@types/prettier@^2/index.d.ts": "https://esm.sh/v135/@types/prettier@2.7.3/index.d.ts",
    "https://esm.sh/v135/@types/prettier@^2/parser-typescript~.d.ts": "https://esm.sh/v135/@types/prettier@2.7.3/parser-typescript~.d.ts",
    "https://esm.sh/v135/@types/react-dom@~18.2/client~.d.ts": "https://esm.sh/v135/@types/react-dom@18.2.17/client~.d.ts",
    "https://esm.sh/v135/@types/react-dom@~18.2/server~.d.ts": "https://esm.sh/v135/@types/react-dom@18.2.18/server~.d.ts"
  },
  "remote": {
    "https://cdn.skypack.dev/-/ansi-align@v3.0.1-oafKQhFqzA9yNrwxJOZp/dist=es2019,mode=imports/optimized/ansi-align.js": "2c2368fc9af90f3d9cd47d4fc52c37d3721bb0d598759099f8a66722381fad63",
    "https://cdn.skypack.dev/-/ansi-regex@v5.0.0-SbVu3Pev2KQtSLSxPnd7/dist=es2019,mode=imports/optimized/ansi-regex.js": "624ba2a18030b8cbcf11708186b78b1b6e305c7460aa84ecd13bcb9643d8d1e9",
    "https://cdn.skypack.dev/-/ansi-regex@v5.0.1-cHVforOPVHwY6MJaxG1L/dist=es2019,mode=imports/optimized/ansi-regex.js": "20e4a730445c4f411e961146c9c3529635fe0327266cd53c85a7bbed6d1fadfd",
    "https://cdn.skypack.dev/-/ansi-styles@v4.3.0-PMPQ6S2hj9z9fV8ZTPsF/dist=es2019,mode=imports/optimized/ansi-styles.js": "7f0b2f814df693cef0ed63d60fe2f04b06e0d1cb269f385933455914ab86ed6a",
    "https://cdn.skypack.dev/-/base64-js@v1.5.1-W9sqY0mF5INkRg7HAvxn/dist=es2019,mode=imports/optimized/base64-js.js": "4566964bb37bf2a057d872b75540c57b181afddb4d1a3360e8f25e9f98259f50",
    "https://cdn.skypack.dev/-/boxen@v5.1.2-e0D85JdP5LnH0Cd5nVMH/dist=es2019,mode=imports/optimized/boxen.js": "583cffd0564c4d1508ed2949342cbdd1bde36e5bbbf0fd41196221ea63c00dc1",
    "https://cdn.skypack.dev/-/camelcase@v6.2.0-9tKokAkATGkPYPiUq6jx/dist=es2019,mode=imports/optimized/camelcase.js": "45093281d241ae799194d808a7a62f19f1b18d8b32f1ce3e6019157917cc81e4",
    "https://cdn.skypack.dev/-/chalk@v4.1.2-ph75OinuhcFcBbDGU374/dist=es2019,mode=imports/optimized/chalk.js": "d155eab0b4113f00f8868952b42fa5c564fddd15e7d87d450e43c55019cc8861",
    "https://cdn.skypack.dev/-/chalk@v4.1.2-x9gBVZtLMvuI7Dv6VZq0/dist=es2019,mode=imports/optimized/chalk.js": "d155eab0b4113f00f8868952b42fa5c564fddd15e7d87d450e43c55019cc8861",
    "https://cdn.skypack.dev/-/cli-boxes@v2.2.1-IksjZJAxcpFYj3SidY9e/dist=es2019,mode=imports/optimized/cli-boxes.js": "f86c06bb09889a7f0d7b8f8fe511c8f362460b14eb338d40db696a5424a4769b",
    "https://cdn.skypack.dev/-/color-convert@v2.0.1-3jXW0f4KP6APRAKmUyrP/dist=es2019,mode=imports/optimized/color-convert.js": "5dead0837e9fd900645c36eec5f5a6340575de215e59b486b19f866660b93080",
    "https://cdn.skypack.dev/-/color-name@v1.1.4-EDWqNToII1nbwEyU8mYi/dist=es2019,mode=imports/optimized/color-name.js": "fb78b777eda74ae53e3be9d82ae54b0600d7c8b772776c7d441de35e005b7c93",
    "https://cdn.skypack.dev/-/cross-fetch@v3.1.5-rZpYflwCvsXnXC1DUbBX/dist=es2019,mode=imports/optimized/cross-fetch.js": "bcbfd7bc7aae4953a3a9f3cb7c9167b99b15dc8dce33bf97bfaece8e53fd5599",
    "https://cdn.skypack.dev/-/emoji-regex@v8.0.0-FVZ9ALmK3icXWkBGcQct/dist=es2019,mode=imports/optimized/emoji-regex.js": "a0f5f2ad4556117b2f5232a034234aaf3525bacce2e3f03554ecec83e9d4fd79",
    "https://cdn.skypack.dev/-/faunadb@v4.7.1-19urmI0clcPRSaBKrBu2/dist=es2019,mode=imports/optimized/faunadb.js": "5bc42887d094bd6ca06ea52fb4d7803bf45efa218e305ed5256280ae2693ebf9",
    "https://cdn.skypack.dev/-/fn-annotate@v1.2.0-NfpHvsMsAYHJaKe6l2aE/dist=es2019,mode=imports/optimized/fn-annotate.js": "43a86d7bd59fdfaf179a0ff9db86a9120ae0639a8e93332019cd5fffab769e9e",
    "https://cdn.skypack.dev/-/is-fullwidth-code-point@v3.0.0-UQ5FdDxUhkkrOw2vWr3d/dist=es2019,mode=imports/optimized/is-fullwidth-code-point.js": "245d8050dd82ea1a016cacf1f4f3501cb4363128c7b80180d425d209b730aec4",
    "https://cdn.skypack.dev/-/node-abort-controller@v3.0.1-qKzXBfFfwlZxCmGtH6SE/dist=es2019,mode=imports/optimized/node-abort-controller.js": "72e59583cafb58d4e6bc2e6684b902f139cf2ae4eb655c5c13eb2f0c385423a7",
    "https://cdn.skypack.dev/-/object-assign@v4.1.1-LbCnB3r2y2yFmhmiCfPn/dist=es2019,mode=imports/optimized/object-assign.js": "d75198c87b0640a682645d8cfdbaa67b5dd4b71aec625582e65d05e87caba008",
    "https://cdn.skypack.dev/-/string-width@v4.2.2-y4RxF1rMzwFBMV3ebFcT/dist=es2019,mode=imports/optimized/string-width.js": "ed20bee9c88b840528bf003dfe96103d6cf88b15ee53e4b926cee5e762633b50",
    "https://cdn.skypack.dev/-/string-width@v4.2.3-iESujqNBNQGFVhxAVhqB/dist=es2019,mode=imports/optimized/string-width.js": "41bfd97ea294bbe06bfc6098032266f5253a140384ce59df62ed727edf372635",
    "https://cdn.skypack.dev/-/strip-ansi@v6.0.0-52P77PFHj1JgEgPvOmTR/dist=es2019,mode=imports/optimized/strip-ansi.js": "feaf39d677959a3ed20133c241beedddcb8ee2ab8d595c6bc6ea11cc7520625f",
    "https://cdn.skypack.dev/-/strip-ansi@v6.0.1-zUEALI29aL9cfWke0eiY/dist=es2019,mode=imports/optimized/strip-ansi.js": "7dda07b126671190d3124085d866283c2d6c27ccb96ed6822feef1771de89d65",
    "https://cdn.skypack.dev/-/supports-color@v7.2.0-yi8TfBy0eWDxSDlMruC0/dist=es2019,mode=imports/optimized/supports-color.js": "2c9c796bd70e0e41cf9dcfc4b5c52b0840d347ecff118b996b1eeaa3f41b4840",
    "https://cdn.skypack.dev/-/util-deprecate@v1.0.2-NoKMlEQykDTSYJXqcba6/dist=es2019,mode=imports/optimized/util-deprecate.js": "8e416b9e308bf87d202344863d001c9da5b26994dc671276746deb8a77171506",
    "https://cdn.skypack.dev/-/vis-data@v7.1.4-T8FsVAGUTMBckCNl16HT/dist=es2019,mode=imports/optimized/vis-data.js": "e4e65716d3c843aeef938587c5d566c09fd0901ca9dc788204d1ab35abde9273",
    "https://cdn.skypack.dev/-/vis-network@v9.1.2-AcOXfM8LU7McxMAmi6cN/dist=es2019,mode=imports/optimized/vis-network.js": "7038a9502ea6ee26bc85c5510b4cbbd660a9867a4733e1886868ee485d9a0f7a",
    "https://cdn.skypack.dev/-/wakachigaki@v1.3.2-mprJeF3n33nKdpC3NeZL/dist=es2019,mode=imports/optimized/wakachigaki.js": "b953527593f981e90ea8d9ccdd400cfdbcdcd3bc83b39d94603ca0fd4886823d",
    "https://cdn.skypack.dev/-/widest-line@v3.1.0-4RxXrNoGSecn7drbYCDF/dist=es2019,mode=imports/optimized/widest-line.js": "cd66840cb49b9ae4cb9ea3b6466e30396a02bf8b51cccb927da6073e204ee2e3",
    "https://cdn.skypack.dev/-/wrap-ansi@v7.0.0-aWomuFcv4R8GpWmnOU7f/dist=es2019,mode=imports/optimized/wrap-ansi.js": "215fac591ce590bab8871b382cd069ef149e4b9262c5be9eef76c8e578a03797",
    "https://cdn.skypack.dev/error/unknown:hammerjs?from=vis-util": "355fcbd8fddb15e6cc00f7e9eec601cfa9913713916b363308dfafc81843fb70",
    "https://cdn.skypack.dev/faunadb@4.7.1?dts": "6ec0cb2078643bee13498542fb138c079d045f3a7f2840a12fb1fc6b7c092c51",
    "https://cdn.skypack.dev/vis-network@9.1.2?dts": "714eb50ca2e44469280dea5859c4c82ef1c241fcfb160d5906d7d865808c3801",
    "https://cdn.skypack.dev/wakachigaki@1.3.2?dts": "63eb328b72df5e884d3c960c4a6b035f2ae9f45e89b05c5df23941102d8212b4",
    "https://deno.land/std@0.140.0/_util/assert.ts": "e94f2eb37cebd7f199952e242c77654e43333c1ac4c5c700e929ea3aa5489f74",
    "https://deno.land/std@0.140.0/_util/os.ts": "3b4c6e27febd119d36a416d7a97bd3b0251b77c88942c8f16ee5953ea13e2e49",
    "https://deno.land/std@0.140.0/bytes/bytes_list.ts": "67eb118e0b7891d2f389dad4add35856f4ad5faab46318ff99653456c23b025d",
    "https://deno.land/std@0.140.0/bytes/equals.ts": "fc16dff2090cced02497f16483de123dfa91e591029f985029193dfaa9d894c9",
    "https://deno.land/std@0.140.0/bytes/mod.ts": "763f97d33051cc3f28af1a688dfe2830841192a9fea0cbaa55f927b49d49d0bf",
    "https://deno.land/std@0.140.0/fmt/colors.ts": "30455035d6d728394781c10755351742dd731e3db6771b1843f9b9e490104d37",
    "https://deno.land/std@0.140.0/fs/_util.ts": "0fb24eb4bfebc2c194fb1afdb42b9c3dda12e368f43e8f2321f84fc77d42cb0f",
    "https://deno.land/std@0.140.0/fs/ensure_dir.ts": "9dc109c27df4098b9fc12d949612ae5c9c7169507660dcf9ad90631833209d9d",
    "https://deno.land/std@0.140.0/hash/sha256.ts": "803846c7a5a8a5a97f31defeb37d72f519086c880837129934f5d6f72102a8e8",
    "https://deno.land/std@0.140.0/io/buffer.ts": "bd0c4bf53db4b4be916ca5963e454bddfd3fcd45039041ea161dbf826817822b",
    "https://deno.land/std@0.140.0/path/_constants.ts": "df1db3ffa6dd6d1252cc9617e5d72165cd2483df90e93833e13580687b6083c3",
    "https://deno.land/std@0.140.0/path/_interface.ts": "ee3b431a336b80cf445441109d089b70d87d5e248f4f90ff906820889ecf8d09",
    "https://deno.land/std@0.140.0/path/_util.ts": "c1e9686d0164e29f7d880b2158971d805b6e0efc3110d0b3e24e4b8af2190d2b",
    "https://deno.land/std@0.140.0/path/common.ts": "bee563630abd2d97f99d83c96c2fa0cca7cee103e8cb4e7699ec4d5db7bd2633",
    "https://deno.land/std@0.140.0/path/glob.ts": "cb5255638de1048973c3e69e420c77dc04f75755524cb3b2e160fe9277d939ee",
    "https://deno.land/std@0.140.0/path/mod.ts": "d3e68d0abb393fb0bf94a6d07c46ec31dc755b544b13144dee931d8d5f06a52d",
    "https://deno.land/std@0.140.0/path/posix.ts": "293cdaec3ecccec0a9cc2b534302dfe308adb6f10861fa183275d6695faace44",
    "https://deno.land/std@0.140.0/path/separator.ts": "fe1816cb765a8068afb3e8f13ad272351c85cbc739af56dacfc7d93d710fe0f9",
    "https://deno.land/std@0.140.0/path/win32.ts": "31811536855e19ba37a999cd8d1b62078235548d67902ece4aa6b814596dd757",
    "https://deno.land/std@0.140.0/streams/conversion.ts": "712585bfa0172a97fb68dd46e784ae8ad59d11b88079d6a4ab098ff42e697d21",
    "https://deno.land/std@0.156.0/_util/assert.ts": "e94f2eb37cebd7f199952e242c77654e43333c1ac4c5c700e929ea3aa5489f74",
    "https://deno.land/std@0.156.0/_util/os.ts": "3b4c6e27febd119d36a416d7a97bd3b0251b77c88942c8f16ee5953ea13e2e49",
    "https://deno.land/std@0.156.0/path/_constants.ts": "df1db3ffa6dd6d1252cc9617e5d72165cd2483df90e93833e13580687b6083c3",
    "https://deno.land/std@0.156.0/path/_interface.ts": "ee3b431a336b80cf445441109d089b70d87d5e248f4f90ff906820889ecf8d09",
    "https://deno.land/std@0.156.0/path/_util.ts": "d16be2a16e1204b65f9d0dfc54a9bc472cafe5f4a190b3c8471ec2016ccd1677",
    "https://deno.land/std@0.156.0/path/common.ts": "bee563630abd2d97f99d83c96c2fa0cca7cee103e8cb4e7699ec4d5db7bd2633",
    "https://deno.land/std@0.156.0/path/glob.ts": "cb5255638de1048973c3e69e420c77dc04f75755524cb3b2e160fe9277d939ee",
    "https://deno.land/std@0.156.0/path/mod.ts": "56fec03ad0ebd61b6ab39ddb9b0ddb4c4a5c9f2f4f632e09dd37ec9ebfd722ac",
    "https://deno.land/std@0.156.0/path/posix.ts": "c1f7afe274290ea0b51da07ee205653b2964bd74909a82deb07b69a6cc383aaa",
    "https://deno.land/std@0.156.0/path/separator.ts": "fe1816cb765a8068afb3e8f13ad272351c85cbc739af56dacfc7d93d710fe0f9",
    "https://deno.land/std@0.156.0/path/win32.ts": "bd7549042e37879c68ff2f8576a25950abbfca1d696d41d82c7bca0b7e6f452c",
    "https://deno.land/std@0.161.0/encoding/base64.ts": "c57868ca7fa2fbe919f57f88a623ad34e3d970d675bdc1ff3a9d02bba7409db2",
    "https://deno.land/std@0.161.0/encoding/base64url.ts": "a5f82a9fa703bd85a5eb8e7c1296bc6529e601ebd9642cc2b5eaa6b38fa9e05a",
    "https://deno.land/std@0.181.0/_util/asserts.ts": "178dfc49a464aee693a7e285567b3d0b555dc805ff490505a8aae34f9cfb1462",
    "https://deno.land/std@0.181.0/_util/os.ts": "d932f56d41e4f6a6093d56044e29ce637f8dcc43c5a90af43504a889cf1775e3",
    "https://deno.land/std@0.181.0/fs/_util.ts": "65381f341af1ff7f40198cee15c20f59951ac26e51ddc651c5293e24f9ce6f32",
    "https://deno.land/std@0.181.0/fs/ensure_dir.ts": "dc64c4c75c64721d4e3fb681f1382f803ff3d2868f08563ff923fdd20d071c40",
    "https://deno.land/std@0.181.0/fs/expand_glob.ts": "e4f56259a0a70fe23f05215b00de3ac5e6ba46646ab2a06ebbe9b010f81c972a",
    "https://deno.land/std@0.181.0/fs/walk.ts": "ea95ffa6500c1eda6b365be488c056edc7c883a1db41ef46ec3bf057b1c0fe32",
    "https://deno.land/std@0.181.0/path/_constants.ts": "e49961f6f4f48039c0dfed3c3f93e963ca3d92791c9d478ac5b43183413136e0",
    "https://deno.land/std@0.181.0/path/_interface.ts": "6471159dfbbc357e03882c2266d21ef9afdb1e4aa771b0545e90db58a0ba314b",
    "https://deno.land/std@0.181.0/path/_util.ts": "d7abb1e0dea065f427b89156e28cdeb32b045870acdf865833ba808a73b576d0",
    "https://deno.land/std@0.181.0/path/common.ts": "ee7505ab01fd22de3963b64e46cff31f40de34f9f8de1fff6a1bd2fe79380000",
    "https://deno.land/std@0.181.0/path/glob.ts": "d479e0a695621c94d3fd7fe7abd4f9499caf32a8de13f25073451c6ef420a4e1",
    "https://deno.land/std@0.181.0/path/mod.ts": "bf718f19a4fdd545aee1b06409ca0805bd1b68ecf876605ce632e932fe54510c",
    "https://deno.land/std@0.181.0/path/posix.ts": "8b7c67ac338714b30c816079303d0285dd24af6b284f7ad63da5b27372a2c94d",
    "https://deno.land/std@0.181.0/path/separator.ts": "0fb679739d0d1d7bf45b68dacfb4ec7563597a902edbaf3c59b50d5bcadd93b1",
    "https://deno.land/std@0.181.0/path/win32.ts": "d186344e5583bcbf8b18af416d13d82b35a317116e6460a5a3953508c3de5bba",
    "https://deno.land/std@0.182.0/_util/asserts.ts": "178dfc49a464aee693a7e285567b3d0b555dc805ff490505a8aae34f9cfb1462",
    "https://deno.land/std@0.182.0/_util/os.ts": "d932f56d41e4f6a6093d56044e29ce637f8dcc43c5a90af43504a889cf1775e3",
    "https://deno.land/std@0.182.0/fmt/colors.ts": "d67e3cd9f472535241a8e410d33423980bec45047e343577554d3356e1f0ef4e",
    "https://deno.land/std@0.182.0/fs/_util.ts": "65381f341af1ff7f40198cee15c20f59951ac26e51ddc651c5293e24f9ce6f32",
    "https://deno.land/std@0.182.0/fs/empty_dir.ts": "c3d2da4c7352fab1cf144a1ecfef58090769e8af633678e0f3fabaef98594688",
    "https://deno.land/std@0.182.0/fs/expand_glob.ts": "e4f56259a0a70fe23f05215b00de3ac5e6ba46646ab2a06ebbe9b010f81c972a",
    "https://deno.land/std@0.182.0/fs/walk.ts": "920be35a7376db6c0b5b1caf1486fb962925e38c9825f90367f8f26b5e5d0897",
    "https://deno.land/std@0.182.0/path/_constants.ts": "e49961f6f4f48039c0dfed3c3f93e963ca3d92791c9d478ac5b43183413136e0",
    "https://deno.land/std@0.182.0/path/_interface.ts": "6471159dfbbc357e03882c2266d21ef9afdb1e4aa771b0545e90db58a0ba314b",
    "https://deno.land/std@0.182.0/path/_util.ts": "d7abb1e0dea065f427b89156e28cdeb32b045870acdf865833ba808a73b576d0",
    "https://deno.land/std@0.182.0/path/common.ts": "ee7505ab01fd22de3963b64e46cff31f40de34f9f8de1fff6a1bd2fe79380000",
    "https://deno.land/std@0.182.0/path/glob.ts": "d479e0a695621c94d3fd7fe7abd4f9499caf32a8de13f25073451c6ef420a4e1",
    "https://deno.land/std@0.182.0/path/mod.ts": "bf718f19a4fdd545aee1b06409ca0805bd1b68ecf876605ce632e932fe54510c",
    "https://deno.land/std@0.182.0/path/posix.ts": "8b7c67ac338714b30c816079303d0285dd24af6b284f7ad63da5b27372a2c94d",
    "https://deno.land/std@0.182.0/path/separator.ts": "0fb679739d0d1d7bf45b68dacfb4ec7563597a902edbaf3c59b50d5bcadd93b1",
    "https://deno.land/std@0.182.0/path/win32.ts": "d186344e5583bcbf8b18af416d13d82b35a317116e6460a5a3953508c3de5bba",
    "https://deno.land/std@0.186.0/_util/asserts.ts": "178dfc49a464aee693a7e285567b3d0b555dc805ff490505a8aae34f9cfb1462",
    "https://deno.land/std@0.186.0/_util/os.ts": "d932f56d41e4f6a6093d56044e29ce637f8dcc43c5a90af43504a889cf1775e3",
    "https://deno.land/std@0.186.0/async/abortable.ts": "fd682fa46f3b7b16b4606a5ab52a7ce309434b76f820d3221bdfb862719a15d7",
    "https://deno.land/std@0.186.0/async/deadline.ts": "58f72a3cc0fcb731b2cc055ba046f4b5be3349ff6bf98f2e793c3b969354aab2",
    "https://deno.land/std@0.186.0/async/debounce.ts": "adab11d04ca38d699444ac8a9d9856b4155e8dda2afd07ce78276c01ea5a4332",
    "https://deno.land/std@0.186.0/async/deferred.ts": "42790112f36a75a57db4a96d33974a936deb7b04d25c6084a9fa8a49f135def8",
    "https://deno.land/std@0.186.0/async/delay.ts": "73aa04cec034c84fc748c7be49bb15cac3dd43a57174bfdb7a4aec22c248f0dd",
    "https://deno.land/std@0.186.0/async/mod.ts": "f04344fa21738e5ad6bea37a6bfffd57c617c2d372bb9f9dcfd118a1b622e576",
    "https://deno.land/std@0.186.0/async/mux_async_iterator.ts": "70c7f2ee4e9466161350473ad61cac0b9f115cff4c552eaa7ef9d50c4cbb4cc9",
    "https://deno.land/std@0.186.0/async/pool.ts": "f1b8d3df4d7fd3c73f8cbc91cc2e8b8e950910f1eab94230b443944d7584c657",
    "https://deno.land/std@0.186.0/async/retry.ts": "dd19d93033d8eaddbfcb7654c0366e9d3b0a21448bdb06eba4a7d8a8cf936a92",
    "https://deno.land/std@0.186.0/async/tee.ts": "47e42d35f622650b02234d43803d0383a89eb4387e1b83b5a40106d18ae36757",
    "https://deno.land/std@0.186.0/collections/group_by.ts": "71eea3deea1d15e0d9bb21d4af425674609966f2814ee9479674a9856f09a0ec",
    "https://deno.land/std@0.186.0/encoding/base64.ts": "144ae6234c1fbe5b68666c711dc15b1e9ee2aef6d42b3b4345bf9a6c91d70d0d",
    "https://deno.land/std@0.186.0/encoding/base64url.ts": "2ed4ba122b20fedf226c5d337cf22ee2024fa73a8f85d915d442af7e9ce1fae1",
    "https://deno.land/std@0.186.0/fmt/colors.ts": "d67e3cd9f472535241a8e410d33423980bec45047e343577554d3356e1f0ef4e",
    "https://deno.land/std@0.186.0/fs/_util.ts": "579038bebc3bd35c43a6a7766f7d91fbacdf44bc03468e9d3134297bb99ed4f9",
    "https://deno.land/std@0.186.0/fs/copy.ts": "14214efd94fc3aa6db1e4af2b4b9578e50f7362b7f3725d5a14ad259a5df26c8",
    "https://deno.land/std@0.186.0/fs/empty_dir.ts": "c3d2da4c7352fab1cf144a1ecfef58090769e8af633678e0f3fabaef98594688",
    "https://deno.land/std@0.186.0/fs/ensure_dir.ts": "dc64c4c75c64721d4e3fb681f1382f803ff3d2868f08563ff923fdd20d071c40",
    "https://deno.land/std@0.186.0/fs/ensure_file.ts": "c38602670bfaf259d86ca824a94e6cb9e5eb73757fefa4ebf43a90dd017d53d9",
    "https://deno.land/std@0.186.0/fs/ensure_link.ts": "c0f5b2f0ec094ed52b9128eccb1ee23362a617457aa0f699b145d4883f5b2fb4",
    "https://deno.land/std@0.186.0/fs/ensure_symlink.ts": "5006ab2f458159c56d689b53b1e48d57e05eeb1eaf64e677f7f76a30bc4fdba1",
    "https://deno.land/std@0.186.0/fs/eol.ts": "f1f2eb348a750c34500741987b21d65607f352cf7205f48f4319d417fff42842",
    "https://deno.land/std@0.186.0/fs/exists.ts": "29c26bca8584a22876be7cb8844f1b6c8fc35e9af514576b78f5c6884d7ed02d",
    "https://deno.land/std@0.186.0/fs/expand_glob.ts": "e4f56259a0a70fe23f05215b00de3ac5e6ba46646ab2a06ebbe9b010f81c972a",
    "https://deno.land/std@0.186.0/fs/mod.ts": "bc3d0acd488cc7b42627044caf47d72019846d459279544e1934418955ba4898",
    "https://deno.land/std@0.186.0/fs/move.ts": "b4f8f46730b40c32ea3c0bc8eb0fd0e8139249a698883c7b3756424cf19785c9",
    "https://deno.land/std@0.186.0/fs/walk.ts": "920be35a7376db6c0b5b1caf1486fb962925e38c9825f90367f8f26b5e5d0897",
    "https://deno.land/std@0.186.0/http/server.ts": "1b23463b5b36e4eebc495417f6af47a6f7d52e3294827a1226d2a1aab23d9d20",
    "https://deno.land/std@0.186.0/path/_constants.ts": "e49961f6f4f48039c0dfed3c3f93e963ca3d92791c9d478ac5b43183413136e0",
    "https://deno.land/std@0.186.0/path/_interface.ts": "6471159dfbbc357e03882c2266d21ef9afdb1e4aa771b0545e90db58a0ba314b",
    "https://deno.land/std@0.186.0/path/_util.ts": "d7abb1e0dea065f427b89156e28cdeb32b045870acdf865833ba808a73b576d0",
    "https://deno.land/std@0.186.0/path/common.ts": "ee7505ab01fd22de3963b64e46cff31f40de34f9f8de1fff6a1bd2fe79380000",
    "https://deno.land/std@0.186.0/path/glob.ts": "d479e0a695621c94d3fd7fe7abd4f9499caf32a8de13f25073451c6ef420a4e1",
    "https://deno.land/std@0.186.0/path/mod.ts": "ee161baec5ded6510ee1d1fb6a75a0f5e4b41f3f3301c92c716ecbdf7dae910d",
    "https://deno.land/std@0.186.0/path/posix.ts": "8b7c67ac338714b30c816079303d0285dd24af6b284f7ad63da5b27372a2c94d",
    "https://deno.land/std@0.186.0/path/separator.ts": "0fb679739d0d1d7bf45b68dacfb4ec7563597a902edbaf3c59b50d5bcadd93b1",
    "https://deno.land/std@0.186.0/path/win32.ts": "d186344e5583bcbf8b18af416d13d82b35a317116e6460a5a3953508c3de5bba",
    "https://deno.land/std@0.186.0/testing/_diff.ts": "1a3c044aedf77647d6cac86b798c6417603361b66b54c53331b312caeb447aea",
    "https://deno.land/std@0.186.0/testing/_format.ts": "a69126e8a469009adf4cf2a50af889aca364c349797e63174884a52ff75cf4c7",
    "https://deno.land/std@0.186.0/testing/asserts.ts": "e16d98b4d73ffc4ed498d717307a12500ae4f2cbe668f1a215632d19fcffc22f",
    "https://deno.land/x/code_block_writer@12.0.0/mod.ts": "2c3448060e47c9d08604c8f40dee34343f553f33edcdfebbf648442be33205e5",
    "https://deno.land/x/code_block_writer@12.0.0/utils/string_utils.ts": "60cb4ec8bd335bf241ef785ccec51e809d576ff8e8d29da43d2273b69ce2a6ff",
    "https://deno.land/x/deno_cache@0.4.1/auth_tokens.ts": "5fee7e9155e78cedf3f6ff3efacffdb76ac1a76c86978658d9066d4fb0f7326e",
    "https://deno.land/x/deno_cache@0.4.1/cache.ts": "51f72f4299411193d780faac8c09d4e8cbee951f541121ef75fcc0e94e64c195",
    "https://deno.land/x/deno_cache@0.4.1/deno_dir.ts": "f2a9044ce8c7fe1109004cda6be96bf98b08f478ce77e7a07f866eff1bdd933f",
    "https://deno.land/x/deno_cache@0.4.1/deps.ts": "8974097d6c17e65d9a82d39377ae8af7d94d74c25c0cbb5855d2920e063f2343",
    "https://deno.land/x/deno_cache@0.4.1/dirs.ts": "d2fa473ef490a74f2dcb5abb4b9ab92a48d2b5b6320875df2dee64851fa64aa9",
    "https://deno.land/x/deno_cache@0.4.1/disk_cache.ts": "1f3f5232cba4c56412d93bdb324c624e95d5dd179d0578d2121e3ccdf55539f9",
    "https://deno.land/x/deno_cache@0.4.1/file_fetcher.ts": "07a6c5f8fd94bf50a116278cc6012b4921c70d2251d98ce1c9f3c352135c39f7",
    "https://deno.land/x/deno_cache@0.4.1/http_cache.ts": "f632e0d6ec4a5d61ae3987737a72caf5fcdb93670d21032ddb78df41131360cd",
    "https://deno.land/x/deno_cache@0.4.1/mod.ts": "ef1cda9235a93b89cb175fe648372fc0f785add2a43aa29126567a05e3e36195",
    "https://deno.land/x/deno_cache@0.4.1/util.ts": "8cb686526f4be5205b92c819ca2ce82220aa0a8dd3613ef0913f6dc269dbbcfe",
    "https://deno.land/x/deno_graph@0.26.0/lib/deno_graph.generated.js": "2f7ca85b2ceb80ec4b3d1b7f3a504956083258610c7b9a1246238c5b7c68f62d",
    "https://deno.land/x/deno_graph@0.26.0/lib/loader.ts": "380e37e71d0649eb50176a9786795988fc3c47063a520a54b616d7727b0f8629",
    "https://deno.land/x/deno_graph@0.26.0/lib/media_type.ts": "222626d524fa2f9ebcc0ec7c7a7d5dfc74cc401cc46790f7c5e0eab0b0787707",
    "https://deno.land/x/deno_graph@0.26.0/lib/snippets/deno_graph-de651bc9c240ed8d/src/deno_apis.js": "41192baaa550a5c6a146280fae358cede917ae16ec4e4315be51bef6631ca892",
    "https://deno.land/x/deno_graph@0.26.0/mod.ts": "11131ae166580a1c7fa8506ff553751465a81c263d94443f18f353d0c320bc14",
    "https://deno.land/x/denoflate@1.2.1/mod.ts": "f5628e44b80b3d80ed525afa2ba0f12408e3849db817d47a883b801f9ce69dd6",
    "https://deno.land/x/denoflate@1.2.1/pkg/denoflate.js": "b9f9ad9457d3f12f28b1fb35c555f57443427f74decb403113d67364e4f2caf4",
    "https://deno.land/x/denoflate@1.2.1/pkg/denoflate_bg.wasm.js": "d581956245407a2115a3d7e8d85a9641c032940a8e810acbd59ca86afd34d44d",
    "https://deno.land/x/djwt@v2.8/algorithm.ts": "fa4c7354ab9f4808d38104fdc6f21c8270f65f109ed84136d4fe31a4504426d4",
    "https://deno.land/x/djwt@v2.8/deps.ts": "261b7b6bfe2602329d8f9de2938c2a898cd6dfa746b3454ae415df2c53e6ae4d",
    "https://deno.land/x/djwt@v2.8/mod.ts": "7abba8518688e88648882a95161b42391ac6043c142b1ab491b36f712189e1e1",
    "https://deno.land/x/djwt@v2.8/signature.ts": "a5649368a4b433b2810e7d47f53661fe3b0f7fe1778cb49234ceae3d6e861185",
    "https://deno.land/x/djwt@v2.8/util.ts": "0d78272bd23a4656ceabe137d496fcca37cf3de36212477642aa5d85a880d87a",
    "https://deno.land/x/dnt@0.35.0/lib/compiler.ts": "3259975196f44391525e4e3e96c1f95c3a90dd25ec31a1948ccd7c6b71323d76",
    "https://deno.land/x/dnt@0.35.0/lib/compiler_transforms.ts": "cbb1fd5948f5ced1aa5c5aed9e45134e2357ce1e7220924c1d7bded30dcd0dd0",
    "https://deno.land/x/dnt@0.35.0/lib/mod.deps.ts": "30367fc68bcd2acf3b7020cf5cdd26f817f7ac9ac35c4bfb6c4551475f91bc3e",
    "https://deno.land/x/dnt@0.35.0/lib/npm_ignore.ts": "b430caa1905b65ae89b119d84857b3ccc3cb783a53fc083d1970e442f791721d",
    "https://deno.land/x/dnt@0.35.0/lib/package_json.ts": "2d629dbaef8004971e38ce3661f04b915a35342b905c3d98ff4a25343c2a8293",
    "https://deno.land/x/dnt@0.35.0/lib/pkg/dnt_wasm.generated.js": "ad5c205f018b2bc6258d00d6a0539c2ffa94275f16f106f0f072bcf77f3c786b",
    "https://deno.land/x/dnt@0.35.0/lib/pkg/snippets/dnt-wasm-a15ef721fa5290c5/helpers.js": "a6b95adc943a68d513fe8ed9ec7d260ac466b7a4bced4e942f733e494bb9f1be",
    "https://deno.land/x/dnt@0.35.0/lib/shims.ts": "d12e2c3c70eab1b0b95c46f35771f9798d7be7b3b6d0af6b82cad068d26d746f",
    "https://deno.land/x/dnt@0.35.0/lib/test_runner/get_test_runner_code.ts": "2a4e26aa33120f3cc9e03b8538211a5047a4bad4c64e895944b87f2dcd55d904",
    "https://deno.land/x/dnt@0.35.0/lib/test_runner/test_runner.ts": "b91d77d9d4b82984cb2ba7431ba6935756ba72f62e7dd4db22cd47a680ebd952",
    "https://deno.land/x/dnt@0.35.0/lib/transform.deps.ts": "e42f2bdef46d098453bdba19261a67cf90b583f5d868f7fe83113c1380d9b85c",
    "https://deno.land/x/dnt@0.35.0/lib/types.ts": "5735f10d9f1ff741dd3a5518b46365a38bc6e037fc0996d5bcaf2d6e8c2f805b",
    "https://deno.land/x/dnt@0.35.0/lib/utils.ts": "878b7ac7003a10c16e6061aa49dbef9b42bd43174853ebffc9b67ea47eeb11d8",
    "https://deno.land/x/dnt@0.35.0/mod.ts": "3ee53f4d4d41df72e57ecbca9f3c2b7cf86166ef57fa04452865780f83c555a9",
    "https://deno.land/x/dnt@0.35.0/transform.ts": "1b127c5f22699c8ab2545b98aeca38c4e5c21405b0f5342ea17e9c46280ed277",
    "https://deno.land/x/esbuild@v0.15.14/mod.js": "efae37a5e9a6a0b5cc094bb4792f1dd2cc1e83f1aa39f54d4cbb6eb6d5f54875",
    "https://deno.land/x/esbuild_deno_loader@0.6.0/deps.ts": "fe86f62cb954edc2580868cdc3292d4446f22cd2c4eedbf8ee26513fdf74e343",
    "https://deno.land/x/esbuild_deno_loader@0.6.0/mod.ts": "5d8a429b26c70f9fd522a8629e751f3bdf63680da473e537bc420d552ee3bf0b",
    "https://deno.land/x/esbuild_deno_loader@0.6.0/src/deno.ts": "0e83ccabbe2b004389288e38df2031b79eb347df2d139fce9394d8e88a11f259",
    "https://deno.land/x/esbuild_deno_loader@0.6.0/src/native_loader.ts": "343854a566cf510cf25144f7c09fc0c1097780a31830305142a075d12bb697ba",
    "https://deno.land/x/esbuild_deno_loader@0.6.0/src/portable_loader.ts": "35b6c526eed8c2c781a3256b23c30aa7cce69c0ef1d583c15528663287ba18a3",
    "https://deno.land/x/esbuild_deno_loader@0.6.0/src/shared.ts": "b64749cd8c0f6252a11498bd8758ef1220003e46b2c9b68e16da63fd7e92b13a",
    "https://deno.land/x/fast_base64@v0.1.7/dist/base64-wasm.js": "39af9bac84f55fd88dff52cf756ec06318f3263432475bcccafa92dca666df5f",
    "https://deno.land/x/fast_base64@v0.1.7/mod.ts": "7aad1b1c8f53eeb3da3a24cbd637f3ce5342fb8107f54ed95fd9b066bbce9931",
    "https://deno.land/x/imagescript@v1.2.14/ImageScript.js": "9ce10c37a0e4fe43699689088c24f386fd401874057932bd57079ac729205038",
    "https://deno.land/x/imagescript@v1.2.14/mod.ts": "18a6cb83c55e690c873505f6fe867364c678afb64934fe7aef593a6b92f79995",
    "https://deno.land/x/imagescript@v1.2.14/png/src/crc.mjs": "5cf50de181d61dd00e66a240d811018ba5070afa8bba302f393604404604de84",
    "https://deno.land/x/imagescript@v1.2.14/png/src/mem.mjs": "4968d400dae069b4bf0ef4767c1802fd2cc7d15d90eda4cfadf5b4cd19b96c6d",
    "https://deno.land/x/imagescript@v1.2.14/png/src/png.mjs": "96ef0ceff1b5a6cd9304749e5f187b4ab238509fb5f9a8be8ee934240271ed8d",
    "https://deno.land/x/imagescript@v1.2.14/png/src/zlib.mjs": "9867dc3fab1d31b664f9344b0d7e977f493d9c912a76c760d012ed2b89f7061c",
    "https://deno.land/x/imagescript@v1.2.14/utils/buffer.js": "952cb1beb8827e50a493a5d1f29a4845e8c648789406d389dd51f51205ba02d8",
    "https://deno.land/x/imagescript@v1.2.14/utils/crc32.js": "573d6222b3605890714ebc374e687ec2aa3e9a949223ea199483e47ca4864f7d",
    "https://deno.land/x/imagescript@v1.2.14/utils/png.js": "fbed9117e0a70602645d70df9c103ff6e79c03e987bd5c1685dcb4200729b6de",
    "https://deno.land/x/imagescript@v1.2.14/utils/wasm/font.js": "9e75d842608c057045698d6a7cdf5ffd27241b5cdea0391c89a1917b31294524",
    "https://deno.land/x/imagescript@v1.2.14/utils/wasm/gif.js": "8b86f7b96486bb8ff50fbc7c7487f86cb5cef85e6acd71e1def78a1aa2f12e4f",
    "https://deno.land/x/imagescript@v1.2.14/utils/wasm/jpeg.js": "75295e2fcf96b4f7bb894b3844fdaa8140d63169d28b466b5d5be89d59a7b6e6",
    "https://deno.land/x/imagescript@v1.2.14/utils/wasm/png.js": "0659536a8dd8f892c8346e268b2754b4414fad0ec1e9794dfcde1ba1c804ee02",
    "https://deno.land/x/imagescript@v1.2.14/utils/wasm/svg.js": "f5c8a9d1977b51a7c07549ceb6bbbaca9497321a193f28b3dc229a42d91bcf14",
    "https://deno.land/x/imagescript@v1.2.14/utils/wasm/tiff.js": "c2d7bdaef094df25aae1752e75167f485e89275d76a1379e39d8949580b7af4f",
    "https://deno.land/x/imagescript@v1.2.14/utils/wasm/zlib.js": "749875f83abffe24d3b977475a0cbd5f9b52bee1fbdbef61ec183cbfc17805f6",
    "https://deno.land/x/imagescript@v1.2.14/v2/framebuffer.mjs": "add44ff184636659714b3c6d4b896f628545451abffbc30b5bcc2e8d9a73d012",
    "https://deno.land/x/imagescript@v1.2.14/v2/ops/blur.mjs": "80716f1ffab8a2aeb54a036f583bf51a2b9dd37e005adc000add803df8e8a12f",
    "https://deno.land/x/imagescript@v1.2.14/v2/ops/color.mjs": "5e72cdcbf97dc939a2795223f01e3cb0544c0c56b03ea2aa026050df58348814",
    "https://deno.land/x/imagescript@v1.2.14/v2/ops/crop.mjs": "69431fa6f687fd9f0c31eff0ec27d7ac925275005e53a37f0c3fab4cc4d9a9ea",
    "https://deno.land/x/imagescript@v1.2.14/v2/ops/fill.mjs": "cf1b9488314753fbc9ebf03410ac74c2a34ea5a69fb6892cd6e8366cd1930d93",
    "https://deno.land/x/imagescript@v1.2.14/v2/ops/flip.mjs": "825a34a66567dcf15e76a719f1bf2f66fb106503cd69942292b1b0ae05c5718e",
    "https://deno.land/x/imagescript@v1.2.14/v2/ops/index.mjs": "423ba687119be2bba8cec72890577d3afa3621b6b8108912242fe937a183f2aa",
    "https://deno.land/x/imagescript@v1.2.14/v2/ops/iterator.mjs": "c2adf3d90ce00719a02c48c97634574176a3501ff026676259bd71aa8f5d69b9",
    "https://deno.land/x/imagescript@v1.2.14/v2/ops/overlay.mjs": "7e6e2c2ffd25006d52597ab8babc5f8f503d388a3fdf2fbc0eaea02799a020c9",
    "https://deno.land/x/imagescript@v1.2.14/v2/ops/resize.mjs": "814e78ebce8eaf8f1f918688db7b52a141405e06a36ed4b25d04413d69e7d17b",
    "https://deno.land/x/imagescript@v1.2.14/v2/ops/rotate.mjs": "a1b65616717bd2eed8db406affea3263b4674dada46b56441ef38167a187455d",
    "https://deno.land/x/imagescript@v1.2.14/v2/util/mem.mjs": "4968d400dae069b4bf0ef4767c1802fd2cc7d15d90eda4cfadf5b4cd19b96c6d",
    "https://deno.land/x/importmap@0.2.1/_util.ts": "ada9a9618b537e6c0316c048a898352396c882b9f2de38aba18fd3f2950ede89",
    "https://deno.land/x/importmap@0.2.1/mod.ts": "ae3d1cd7eabd18c01a4960d57db471126b020f23b37ef14e1359bbb949227ade",
    "https://deno.land/x/ts_morph@18.0.0/bootstrap/mod.ts": "b53aad517f106c4079971fcd4a81ab79fadc40b50061a3ab2b741a09119d51e9",
    "https://deno.land/x/ts_morph@18.0.0/bootstrap/ts_morph_bootstrap.js": "6645ac03c5e6687dfa8c78109dc5df0250b811ecb3aea2d97c504c35e8401c06",
    "https://deno.land/x/ts_morph@18.0.0/common/DenoRuntime.ts": "6a7180f0c6e90dcf23ccffc86aa8271c20b1c4f34c570588d08a45880b7e172d",
    "https://deno.land/x/ts_morph@18.0.0/common/mod.ts": "01985d2ee7da8d1caee318a9d07664774fbee4e31602bc2bb6bb62c3489555ed",
    "https://deno.land/x/ts_morph@18.0.0/common/ts_morph_common.js": "845671ca951073400ce142f8acefa2d39ea9a51e29ca80928642f3f8cf2b7700",
    "https://deno.land/x/ts_morph@18.0.0/common/typescript.js": "d5c598b6a2db2202d0428fca5fd79fc9a301a71880831a805d778797d2413c59",
    "https://deno.land/x/zod@v3.19.1/ZodError.ts": "bd013373ed0cb47621d18df2abb8709a231166806821d76a84d31cad7068379e",
    "https://deno.land/x/zod@v3.19.1/errors.ts": "5285922d2be9700cc0c70c95e4858952b07ae193aa0224be3cbd5cd5567eabef",
    "https://deno.land/x/zod@v3.19.1/external.ts": "584f70718e55ae2660d18a552f9c3a5d022f8153aa43e6537f2c2738d6808d42",
    "https://deno.land/x/zod@v3.19.1/helpers/enumUtil.ts": "54efc393cc9860e687d8b81ff52e980def00fa67377ad0bf8b3104f8a5bf698c",
    "https://deno.land/x/zod@v3.19.1/helpers/errorUtil.ts": "7a77328240be7b847af6de9189963bd9f79cab32bbc61502a9db4fe6683e2ea7",
    "https://deno.land/x/zod@v3.19.1/helpers/parseUtil.ts": "920a5623929a4be9110412f82d16ccda537a58e153c942a6d6b8a38329f293a1",
    "https://deno.land/x/zod@v3.19.1/helpers/partialUtil.ts": "8dc921a02b47384cf52217c7e539268daf619f89319b75bdf13ea178815725df",
    "https://deno.land/x/zod@v3.19.1/helpers/typeAliases.ts": "a1a8d039eb98925f242f5ea1e21e6d3cabd7f05e9747680165c914695c979b4f",
    "https://deno.land/x/zod@v3.19.1/helpers/util.ts": "27765b9fbf843da59fcc16dccd6478976051b483769ec8e8376ac051bbac4a02",
    "https://deno.land/x/zod@v3.19.1/index.ts": "035a7422d9f2be54daa0fe464254b69225b443000673e4794095d672471e8792",
    "https://deno.land/x/zod@v3.19.1/locales/en.ts": "152ea350b7df6ce14f2806fc8c0972f56c9b2de6a3dd1129795287f50dee4374",
    "https://deno.land/x/zod@v3.19.1/mod.ts": "64e55237cb4410e17d968cd08975566059f27638ebb0b86048031b987ba251c4",
    "https://deno.land/x/zod@v3.19.1/types.ts": "ab062fe1640d2172f49ca593fb325a22f8927145201f29b02b62353c79db2501",
    "https://esm.sh/@stitches/react@1.2.8?pin=v135": "42b8ac9f55fe341f8579d1ac06e438e2df198b0345f55df2713988f3c6d8d25b",
    "https://esm.sh/prettier@2.8.7/parser-typescript?pin=v135": "d057cb2cb08e8482d720e3cbbd6d51381fded9b64fedd8d3852f710128ad2a03",
    "https://esm.sh/prettier@2.8.7?pin=v135": "023383a091f56be61aa220142c80095c807a2615d9cfa784d93a284cd782fc8f",
    "https://esm.sh/react-dom@18.2.0/client?pin=v135": "391c0483ce063105b7d0422c653da70d52ac5f4efa02b0873ce8b70c4dc9ff61",
    "https://esm.sh/react-dom@18.2.0/server?pin=v135": "4e27b938451e1f25855754fe5149dd13f554ca75f3c5b387eb453144539c3dc7",
    "https://esm.sh/react@18.2.0?pin=v135": "04ad7dc6d11fa27b24c136686a334ecdd19e972fae627cd98cbdc13cdac238c2",
    "https://esm.sh/stable/react@18.2.0/denonext/react.mjs": "3c4f23bcfc53b256fcfaf6f834fa9f584c3bb7be667b2682c6cb6ba8ef88f8e6",
    "https://esm.sh/v135/@stitches/react@1.2.8/denonext/react.mjs": "5cef7f407f9b104ea25a65b4ffb4e9b6efd3c866928087aad0a5d6b939a2e79d",
    "https://esm.sh/v135/prettier@2.8.7/denonext/parser-typescript.js": "e4b00a9195c66740d55fbddc2395779b139bf707b83456a559105df9a40d0095",
    "https://esm.sh/v135/prettier@2.8.7/denonext/prettier.mjs": "88a1e5694dbfdbc8934b45c6b1779d29e172604fc53b9273b1e877540f0dac4e",
    "https://esm.sh/v135/react-dom@18.2.0/denonext/client.js": "67082d736d11d0d288a4d10f260ab19cbf556c010b2d057088b0b4a5d10338a5",
    "https://esm.sh/v135/react-dom@18.2.0/denonext/react-dom.mjs": "8191fc377ea7083cca5640699c4abd75de033089eb932799e29aa04bb136838f",
    "https://esm.sh/v135/react-dom@18.2.0/denonext/server.js": "ead88af18fb70a507ccab7bc02732e9d225ef224a6de05f4829605008e796750",
    "https://esm.sh/v135/scheduler@0.23.0/denonext/scheduler.mjs": "cdbc6d2823e2c6fffcb14501146ff2602a38c48d3c9dd9268f308e833ede2b49",
    "https://raw.githubusercontent.com/narumincho/definy/f662850e6a0cb9ec7a69e60f424624c07dd417fa/deno-lib/definyRpc/codeGen/namespace.ts": "de320dd2c1956ed1e6e508d38f982e952459d857a1fd983c5b21021539db7adb",
    "https://raw.githubusercontent.com/narumincho/definy/f662850e6a0cb9ec7a69e60f424624c07dd417fa/deno-lib/definyRpc/core/collectType.ts": "038f26fb9f1b2684bbe4d91d1a748a88baf035d9d4a7061fdaa5d70f89fbf87d",
    "https://raw.githubusercontent.com/narumincho/definy/f662850e6a0cb9ec7a69e60f424624c07dd417fa/deno-lib/definyRpc/core/coreType.ts": "b2d86547914d59425d12c86a75cabceea2302cb2467868072af8d5e1772caf9f",
    "https://raw.githubusercontent.com/narumincho/definy/f662850e6a0cb9ec7a69e60f424624c07dd417fa/deno-lib/definyRpc/core/fromStructuredJson.ts": "6d7ffa5ad7895605de5769e1e70bc59d36d2f6fc71bf497f1b703ffa16a7cdb5",
    "https://raw.githubusercontent.com/narumincho/definy/f662850e6a0cb9ec7a69e60f424624c07dd417fa/deno-lib/definyRpc/core/request.ts": "572ddced3f44dfcc4619108b343315bd71ca81612cd061e3f0791fcdc5086b5f",
    "https://raw.githubusercontent.com/narumincho/definy/f662850e6a0cb9ec7a69e60f424624c07dd417fa/deno-lib/definyRpc/core/toStructuredJson.ts": "c6cae03c73a660f2a141f040c4139a8335151f3c775008d4e7d4d16f190ba88c",
    "https://raw.githubusercontent.com/narumincho/definy/f662850e6a0cb9ec7a69e60f424624c07dd417fa/deno-lib/typedJson.ts": "fd631a66c9183600272f0834370b8a0bef99c367a6bb8615071bba9fb5d3f404"
  }
}
