{
  "version": "2",
  "remote": {
    "https://cdn.skypack.dev/-/ansi-align@v3.0.1-oafKQhFqzA9yNrwxJOZp/dist=es2019,mode=imports/optimized/ansi-align.js": "2c2368fc9af90f3d9cd47d4fc52c37d3721bb0d598759099f8a66722381fad63",
    "https://cdn.skypack.dev/-/ansi-regex@v5.0.0-SbVu3Pev2KQtSLSxPnd7/dist=es2019,mode=imports/optimized/ansi-regex.js": "624ba2a18030b8cbcf11708186b78b1b6e305c7460aa84ecd13bcb9643d8d1e9",
    "https://cdn.skypack.dev/-/ansi-regex@v5.0.1-cHVforOPVHwY6MJaxG1L/dist=es2019,mode=imports/optimized/ansi-regex.js": "20e4a730445c4f411e961146c9c3529635fe0327266cd53c85a7bbed6d1fadfd",
    "https://cdn.skypack.dev/-/ansi-styles@v4.3.0-PMPQ6S2hj9z9fV8ZTPsF/dist=es2019,mode=imports/optimized/ansi-styles.js": "7f0b2f814df693cef0ed63d60fe2f04b06e0d1cb269f385933455914ab86ed6a",
    "https://cdn.skypack.dev/-/base64-js@v1.5.1-W9sqY0mF5INkRg7HAvxn/dist=es2019,mode=imports/optimized/base64-js.js": "4566964bb37bf2a057d872b75540c57b181afddb4d1a3360e8f25e9f98259f50",
    "https://cdn.skypack.dev/-/boxen@v5.1.2-e0D85JdP5LnH0Cd5nVMH/dist=es2019,mode=imports/optimized/boxen.js": "583cffd0564c4d1508ed2949342cbdd1bde36e5bbbf0fd41196221ea63c00dc1",
    "https://cdn.skypack.dev/-/camelcase@v6.2.0-9tKokAkATGkPYPiUq6jx/dist=es2019,mode=imports/optimized/camelcase.js": "45093281d241ae799194d808a7a62f19f1b18d8b32f1ce3e6019157917cc81e4",
    "https://cdn.skypack.dev/-/chalk@v4.1.2-ph75OinuhcFcBbDGU374/dist=es2019,mode=imports/optimized/chalk.js": "d155eab0b4113f00f8868952b42fa5c564fddd15e7d87d450e43c55019cc8861",
    "https://cdn.skypack.dev/-/chalk@v4.1.2-x9gBVZtLMvuI7Dv6VZq0/dist=es2019,mode=imports/optimized/chalk.js": "d155eab0b4113f00f8868952b42fa5c564fddd15e7d87d450e43c55019cc8861",
    "https://cdn.skypack.dev/-/cli-boxes@v2.2.1-IksjZJAxcpFYj3SidY9e/dist=es2019,mode=imports/optimized/cli-boxes.js": "f86c06bb09889a7f0d7b8f8fe511c8f362460b14eb338d40db696a5424a4769b",
    "https://cdn.skypack.dev/-/color-convert@v2.0.1-3jXW0f4KP6APRAKmUyrP/dist=es2019,mode=imports/optimized/color-convert.js": "5dead0837e9fd900645c36eec5f5a6340575de215e59b486b19f866660b93080",
    "https://cdn.skypack.dev/-/color-name@v1.1.4-EDWqNToII1nbwEyU8mYi/dist=es2019,mode=imports/optimized/color-name.js": "fb78b777eda74ae53e3be9d82ae54b0600d7c8b772776c7d441de35e005b7c93",
    "https://cdn.skypack.dev/-/cross-fetch@v3.1.5-rZpYflwCvsXnXC1DUbBX/dist=es2019,mode=imports/optimized/cross-fetch.js": "bcbfd7bc7aae4953a3a9f3cb7c9167b99b15dc8dce33bf97bfaece8e53fd5599",
    "https://cdn.skypack.dev/-/cross-fetch@v3.1.5-rZpYflwCvsXnXC1DUbBX/dist=es2019,mode=types/index.d.ts": "2c5deacf6f8754722716ec36425d407f79d5d599c3a41c68536f0076813dbc77",
    "https://cdn.skypack.dev/-/emoji-regex@v8.0.0-FVZ9ALmK3icXWkBGcQct/dist=es2019,mode=imports/optimized/emoji-regex.js": "a0f5f2ad4556117b2f5232a034234aaf3525bacce2e3f03554ecec83e9d4fd79",
    "https://cdn.skypack.dev/-/faunadb@v4.7.1-19urmI0clcPRSaBKrBu2/dist=es2019,mode=imports/optimized/faunadb.js": "5bc42887d094bd6ca06ea52fb4d7803bf45efa218e305ed5256280ae2693ebf9",
    "https://cdn.skypack.dev/-/faunadb@v4.7.1-19urmI0clcPRSaBKrBu2/dist=es2019,mode=types/index.d.ts": "7c1843bfc9d4b6ca371f82582ed248cb4c3ede4d4a614e8c997952a87bba80b7",
    "https://cdn.skypack.dev/-/faunadb@v4.7.1-19urmI0clcPRSaBKrBu2/dist=es2019,mode=types/src/types/Client.d.ts": "7c00f5897aa95f3dd22c6a53c0089e6ae36e2eaf946b3df4ba33bafbac09cb3f",
    "https://cdn.skypack.dev/-/faunadb@v4.7.1-19urmI0clcPRSaBKrBu2/dist=es2019,mode=types/src/types/Expr.d.ts": "a6f6d511a386a7cc25cd5190b8d2d6f76de8f89463e84ccb28810562a126da45",
    "https://cdn.skypack.dev/-/faunadb@v4.7.1-19urmI0clcPRSaBKrBu2/dist=es2019,mode=types/src/types/PageHelper.d.ts": "485b4ae23a2f61eade503e8bad183397e6ffdad4fa506ab4bc631c8ca50eeea6",
    "https://cdn.skypack.dev/-/faunadb@v4.7.1-19urmI0clcPRSaBKrBu2/dist=es2019,mode=types/src/types/RequestResult.d.ts": "558bc5c33c173bbef6146e6ba544a167de6eb499b6cfff1c362bf20ebe65307b",
    "https://cdn.skypack.dev/-/faunadb@v4.7.1-19urmI0clcPRSaBKrBu2/dist=es2019,mode=types/src/types/Stream.d.ts": "cb59558a1a5b0889e33e4e2149d255732c7f7a5128874ee24923c8826531f02f",
    "https://cdn.skypack.dev/-/faunadb@v4.7.1-19urmI0clcPRSaBKrBu2/dist=es2019,mode=types/src/types/errors.d.ts": "15b65f26032d4a64a5ebed1482906c3b71a9162b8e30448a838212b4442ba6b9",
    "https://cdn.skypack.dev/-/faunadb@v4.7.1-19urmI0clcPRSaBKrBu2/dist=es2019,mode=types/src/types/query.d.ts": "dc2ec435f453bbe06cb28caaee85b99d4dd3628c631d3782333f3a6888817732",
    "https://cdn.skypack.dev/-/faunadb@v4.7.1-19urmI0clcPRSaBKrBu2/dist=es2019,mode=types/src/types/values.d.ts": "0dd8a7cbf20afd8adb2f04f85ce33ac88cc43d0b373b9fbf61a790f795b4934b",
    "https://cdn.skypack.dev/-/fn-annotate@v1.2.0-NfpHvsMsAYHJaKe6l2aE/dist=es2019,mode=imports/optimized/fn-annotate.js": "43a86d7bd59fdfaf179a0ff9db86a9120ae0639a8e93332019cd5fffab769e9e",
    "https://cdn.skypack.dev/-/is-fullwidth-code-point@v3.0.0-UQ5FdDxUhkkrOw2vWr3d/dist=es2019,mode=imports/optimized/is-fullwidth-code-point.js": "245d8050dd82ea1a016cacf1f4f3501cb4363128c7b80180d425d209b730aec4",
    "https://cdn.skypack.dev/-/node-abort-controller@v3.0.1-qKzXBfFfwlZxCmGtH6SE/dist=es2019,mode=imports/optimized/node-abort-controller.js": "72e59583cafb58d4e6bc2e6684b902f139cf2ae4eb655c5c13eb2f0c385423a7",
    "https://cdn.skypack.dev/-/object-assign@v4.1.1-LbCnB3r2y2yFmhmiCfPn/dist=es2019,mode=imports/optimized/object-assign.js": "d75198c87b0640a682645d8cfdbaa67b5dd4b71aec625582e65d05e87caba008",
    "https://cdn.skypack.dev/-/string-width@v4.2.2-y4RxF1rMzwFBMV3ebFcT/dist=es2019,mode=imports/optimized/string-width.js": "ed20bee9c88b840528bf003dfe96103d6cf88b15ee53e4b926cee5e762633b50",
    "https://cdn.skypack.dev/-/string-width@v4.2.3-iESujqNBNQGFVhxAVhqB/dist=es2019,mode=imports/optimized/string-width.js": "41bfd97ea294bbe06bfc6098032266f5253a140384ce59df62ed727edf372635",
    "https://cdn.skypack.dev/-/strip-ansi@v6.0.0-52P77PFHj1JgEgPvOmTR/dist=es2019,mode=imports/optimized/strip-ansi.js": "feaf39d677959a3ed20133c241beedddcb8ee2ab8d595c6bc6ea11cc7520625f",
    "https://cdn.skypack.dev/-/strip-ansi@v6.0.1-zUEALI29aL9cfWke0eiY/dist=es2019,mode=imports/optimized/strip-ansi.js": "7dda07b126671190d3124085d866283c2d6c27ccb96ed6822feef1771de89d65",
    "https://cdn.skypack.dev/-/supports-color@v7.2.0-yi8TfBy0eWDxSDlMruC0/dist=es2019,mode=imports/optimized/supports-color.js": "2c9c796bd70e0e41cf9dcfc4b5c52b0840d347ecff118b996b1eeaa3f41b4840",
    "https://cdn.skypack.dev/-/util-deprecate@v1.0.2-NoKMlEQykDTSYJXqcba6/dist=es2019,mode=imports/optimized/util-deprecate.js": "8e416b9e308bf87d202344863d001c9da5b26994dc671276746deb8a77171506",
    "https://cdn.skypack.dev/-/widest-line@v3.1.0-4RxXrNoGSecn7drbYCDF/dist=es2019,mode=imports/optimized/widest-line.js": "cd66840cb49b9ae4cb9ea3b6466e30396a02bf8b51cccb927da6073e204ee2e3",
    "https://cdn.skypack.dev/-/wrap-ansi@v7.0.0-aWomuFcv4R8GpWmnOU7f/dist=es2019,mode=imports/optimized/wrap-ansi.js": "215fac591ce590bab8871b382cd069ef149e4b9262c5be9eef76c8e578a03797",
    "https://cdn.skypack.dev/faunadb@4.7.1?dts": "6ec0cb2078643bee13498542fb138c079d045f3a7f2840a12fb1fc6b7c092c51",
    "https://deno.land/std@0.156.0/_util/assert.ts": "e94f2eb37cebd7f199952e242c77654e43333c1ac4c5c700e929ea3aa5489f74",
    "https://deno.land/std@0.156.0/_util/os.ts": "3b4c6e27febd119d36a416d7a97bd3b0251b77c88942c8f16ee5953ea13e2e49",
    "https://deno.land/std@0.156.0/path/_constants.ts": "df1db3ffa6dd6d1252cc9617e5d72165cd2483df90e93833e13580687b6083c3",
    "https://deno.land/std@0.156.0/path/_interface.ts": "ee3b431a336b80cf445441109d089b70d87d5e248f4f90ff906820889ecf8d09",
    "https://deno.land/std@0.156.0/path/_util.ts": "d16be2a16e1204b65f9d0dfc54a9bc472cafe5f4a190b3c8471ec2016ccd1677",
    "https://deno.land/std@0.156.0/path/common.ts": "bee563630abd2d97f99d83c96c2fa0cca7cee103e8cb4e7699ec4d5db7bd2633",
    "https://deno.land/std@0.156.0/path/glob.ts": "cb5255638de1048973c3e69e420c77dc04f75755524cb3b2e160fe9277d939ee",
    "https://deno.land/std@0.156.0/path/mod.ts": "56fec03ad0ebd61b6ab39ddb9b0ddb4c4a5c9f2f4f632e09dd37ec9ebfd722ac",
    "https://deno.land/std@0.156.0/path/posix.ts": "c1f7afe274290ea0b51da07ee205653b2964bd74909a82deb07b69a6cc383aaa",
    "https://deno.land/std@0.156.0/path/separator.ts": "fe1816cb765a8068afb3e8f13ad272351c85cbc739af56dacfc7d93d710fe0f9",
    "https://deno.land/std@0.156.0/path/win32.ts": "bd7549042e37879c68ff2f8576a25950abbfca1d696d41d82c7bca0b7e6f452c",
    "https://deno.land/std@0.165.0/_util/asserts.ts": "d0844e9b62510f89ce1f9878b046f6a57bf88f208a10304aab50efcb48365272",
    "https://deno.land/std@0.165.0/_util/os.ts": "8a33345f74990e627b9dfe2de9b040004b08ea5146c7c9e8fe9a29070d193934",
    "https://deno.land/std@0.165.0/async/abortable.ts": "87aa7230be8360c24ad437212311c9e8d4328854baec27b4c7abb26e85515c06",
    "https://deno.land/std@0.165.0/async/deadline.ts": "48ac998d7564969f3e6ec6b6f9bf0217ebd00239b1b2292feba61272d5dd58d0",
    "https://deno.land/std@0.165.0/async/debounce.ts": "dc8b92d4a4fe7eac32c924f2b8d3e62112530db70cadce27042689d82970b350",
    "https://deno.land/std@0.165.0/async/deferred.ts": "d8fb253ffde2a056e4889ef7e90f3928f28be9f9294b6505773d33f136aab4e6",
    "https://deno.land/std@0.165.0/async/delay.ts": "0419dfc993752849692d1f9647edf13407c7facc3509b099381be99ffbc9d699",
    "https://deno.land/std@0.165.0/async/mod.ts": "dd0a8ed4f3984ffabe2fcca7c9f466b7932d57b1864ffee148a5d5388316db6b",
    "https://deno.land/std@0.165.0/async/mux_async_iterator.ts": "3447b28a2a582224a3d4d3596bccbba6e85040da3b97ed64012f7decce98d093",
    "https://deno.land/std@0.165.0/async/pool.ts": "ef9eb97b388543acbf0ac32647121e4dbe629236899586c4d4311a8770fbb239",
    "https://deno.land/std@0.165.0/async/tee.ts": "9af3a3e7612af75861308b52249e167f5ebc3dcfc8a1a4d45462d96606ee2b70",
    "https://deno.land/std@0.165.0/collections/group_by.ts": "3cf14e55c99320fca7ce6c1521d44170ab4a62c87738937a506357b234145f11",
    "https://deno.land/std@0.165.0/fs/_util.ts": "fdc156f897197f261a1c096dcf8ff9267ed0ff42bd5b31f55053a4763a4bae3b",
    "https://deno.land/std@0.165.0/fs/copy.ts": "37ad2d3390a672a34baf7d16a8623238906a1ee9b2c5fffc8efaa97810f4e6a9",
    "https://deno.land/std@0.165.0/fs/empty_dir.ts": "c15a0aaaf40f8c21cca902aa1e01a789ad0c2fd1b7e2eecf4957053c5dbf707f",
    "https://deno.land/std@0.165.0/fs/ensure_dir.ts": "76395fc1c989ca8d2de3aedfa8240eb8f5225cde20f926de957995b063135b80",
    "https://deno.land/std@0.165.0/fs/ensure_file.ts": "b8e32ea63aa21221d0219760ba3f741f682d7f7d68d0d24a3ec067c338568152",
    "https://deno.land/std@0.165.0/fs/ensure_link.ts": "5cc1c04f18487d7d1edf4c5469705f30b61390ffd24ad7db6df85e7209b32bb2",
    "https://deno.land/std@0.165.0/fs/ensure_symlink.ts": "5273557b8c50be69477aa9cb003b54ff2240a336db52a40851c97abce76b96ab",
    "https://deno.land/std@0.165.0/fs/eol.ts": "65b1e27320c3eec6fb653b27e20056ee3d015d3e91db388cfefa41616ebc7cb3",
    "https://deno.land/std@0.165.0/fs/exists.ts": "6a447912e49eb79cc640adacfbf4b0baf8e17ede6d5bed057062ce33c4fa0d68",
    "https://deno.land/std@0.165.0/fs/expand_glob.ts": "d08678afa768881b055bdfb5cebe4f089f8db4513a4d2b0bbe748f5870d77ce3",
    "https://deno.land/std@0.165.0/fs/mod.ts": "354a6f972ef4e00c4dd1f1339a8828ef0764c1c23d3c0010af3fcc025d8655b0",
    "https://deno.land/std@0.165.0/fs/move.ts": "6d7fa9da60dbc7a32dd7fdbc2ff812b745861213c8e92ba96dace0669b0c378c",
    "https://deno.land/std@0.165.0/fs/walk.ts": "0a754cc4696a15bdb175380a4b7deff3eb65be9768cb11d91a4138beee35c2d7",
    "https://deno.land/std@0.165.0/http/server.ts": "e99c1bee8a3f6571ee4cdeb2966efad465b8f6fe62bec1bdb59c1f007cc4d155",
    "https://deno.land/std@0.165.0/path/_constants.ts": "df1db3ffa6dd6d1252cc9617e5d72165cd2483df90e93833e13580687b6083c3",
    "https://deno.land/std@0.165.0/path/_interface.ts": "ee3b431a336b80cf445441109d089b70d87d5e248f4f90ff906820889ecf8d09",
    "https://deno.land/std@0.165.0/path/_util.ts": "d16be2a16e1204b65f9d0dfc54a9bc472cafe5f4a190b3c8471ec2016ccd1677",
    "https://deno.land/std@0.165.0/path/common.ts": "bee563630abd2d97f99d83c96c2fa0cca7cee103e8cb4e7699ec4d5db7bd2633",
    "https://deno.land/std@0.165.0/path/glob.ts": "cb5255638de1048973c3e69e420c77dc04f75755524cb3b2e160fe9277d939ee",
    "https://deno.land/std@0.165.0/path/mod.ts": "56fec03ad0ebd61b6ab39ddb9b0ddb4c4a5c9f2f4f632e09dd37ec9ebfd722ac",
    "https://deno.land/std@0.165.0/path/posix.ts": "6b63de7097e68c8663c84ccedc0fd977656eb134432d818ecd3a4e122638ac24",
    "https://deno.land/std@0.165.0/path/separator.ts": "fe1816cb765a8068afb3e8f13ad272351c85cbc739af56dacfc7d93d710fe0f9",
    "https://deno.land/std@0.165.0/path/win32.ts": "7cebd2bda6657371adc00061a1d23fdd87bcdf64b4843bb148b0b24c11b40f69",
    "https://deno.land/x/denoflate@1.2.1/mod.ts": "f5628e44b80b3d80ed525afa2ba0f12408e3849db817d47a883b801f9ce69dd6",
    "https://deno.land/x/denoflate@1.2.1/pkg/denoflate.js": "b9f9ad9457d3f12f28b1fb35c555f57443427f74decb403113d67364e4f2caf4",
    "https://deno.land/x/denoflate@1.2.1/pkg/denoflate_bg.wasm.js": "d581956245407a2115a3d7e8d85a9641c032940a8e810acbd59ca86afd34d44d",
    "https://deno.land/x/esbuild@v0.15.10/mod.d.ts": "12e96a8d05c8e2c5638aa9cb09f24222134d437abb2f3f52de0156adb2270719",
    "https://deno.land/x/esbuild@v0.15.14/mod.d.ts": "12e96a8d05c8e2c5638aa9cb09f24222134d437abb2f3f52de0156adb2270719",
    "https://deno.land/x/esbuild@v0.15.14/mod.js": "efae37a5e9a6a0b5cc094bb4792f1dd2cc1e83f1aa39f54d4cbb6eb6d5f54875",
    "https://deno.land/x/esbuild_deno_loader@0.6.0/deps.ts": "fe86f62cb954edc2580868cdc3292d4446f22cd2c4eedbf8ee26513fdf74e343",
    "https://deno.land/x/esbuild_deno_loader@0.6.0/mod.ts": "5d8a429b26c70f9fd522a8629e751f3bdf63680da473e537bc420d552ee3bf0b",
    "https://deno.land/x/esbuild_deno_loader@0.6.0/src/deno.ts": "0e83ccabbe2b004389288e38df2031b79eb347df2d139fce9394d8e88a11f259",
    "https://deno.land/x/esbuild_deno_loader@0.6.0/src/native_loader.ts": "343854a566cf510cf25144f7c09fc0c1097780a31830305142a075d12bb697ba",
    "https://deno.land/x/esbuild_deno_loader@0.6.0/src/portable_loader.ts": "35b6c526eed8c2c781a3256b23c30aa7cce69c0ef1d583c15528663287ba18a3",
    "https://deno.land/x/esbuild_deno_loader@0.6.0/src/shared.ts": "b64749cd8c0f6252a11498bd8758ef1220003e46b2c9b68e16da63fd7e92b13a",
    "https://deno.land/x/fast_base64@v0.1.7/dist/base64-wasm.js": "39af9bac84f55fd88dff52cf756ec06318f3263432475bcccafa92dca666df5f",
    "https://deno.land/x/fast_base64@v0.1.7/mod.ts": "7aad1b1c8f53eeb3da3a24cbd637f3ce5342fb8107f54ed95fd9b066bbce9931",
    "https://deno.land/x/importmap@0.2.1/_util.ts": "ada9a9618b537e6c0316c048a898352396c882b9f2de38aba18fd3f2950ede89",
    "https://deno.land/x/importmap@0.2.1/mod.ts": "ae3d1cd7eabd18c01a4960d57db471126b020f23b37ef14e1359bbb949227ade",
    "https://esm.sh/prettier@2.7.1": "dc1a854b6aa50a601dd6628f0ea3e8f3ab5dfd3eea1cd11e787d077675f2d39e",
    "https://esm.sh/prettier@2.7.1/parser-typescript": "da97c5260308ecff5e8156808bf6aa334fda443bcc8ab50d4f36509305bc418c",
    "https://esm.sh/v98/@types/prettier@2.7.1/index.d.ts": "93c4fc5b5237c09bc9ed65cb8f0dc1d89034406ab40500b89701341994897142",
    "https://esm.sh/v98/@types/prettier@2.7.1/parser-typescript~.d.ts": "39b32b7e7e804787afd891865071a345f1cb6dafb9175edebb8407eb83a5c1ba",
    "https://esm.sh/v98/prettier@2.7.1/deno/parser-typescript.js": "2bcbf6e674e162d9faf010cc22ec20e42313cac58185cbbfc46ce71d6fda6767",
    "https://esm.sh/v98/prettier@2.7.1/deno/prettier.js": "14dbc613cd7818b445dc18084aaa393e16d809daac3baa732e0386a2a1459f33"
  }
}
