{
  "version": "3",
  "packages": {
    "specifiers": {
      "npm:@narumincho/simple-graphql-server-common@0.1.2": "npm:@narumincho/simple-graphql-server-common@0.1.2",
      "npm:graphql": "npm:graphql@16.8.1",
      "npm:graphql-http": "npm:graphql-http@1.22.0_graphql@16.8.1"
    },
    "npm": {
      "@narumincho/simple-graphql-server-common@0.1.2": {
        "integrity": "sha512-ZTfuvVZ0MZxh6OEavbpE1cqqD8azvOp0/TENXpIWtEgQLdpSTc+CCzlNz+Z6g559pR2tVeUu9oIC0XqvMgujhA==",
        "dependencies": {
          "graphql": "graphql@16.8.1"
        }
      },
      "graphql-http@1.22.0_graphql@16.8.1": {
        "integrity": "sha512-9RBUlGJWBFqz9LwfpmAbjJL/8j/HCNkZwPBU5+Bfmwez+1Ay43DocMNQYpIWsWqH0Ftv6PTNAh2aRnnMCBJgLw==",
        "dependencies": {
          "graphql": "graphql@16.8.1"
        }
      },
      "graphql@16.8.1": {
        "integrity": "sha512-59LZHPdGZVh695Ud9lRzPBVTtlX9ZCV150Er2W43ro37wVof0ctenSaskPPjN7lVTIN8mSZt8PHUNKZuNQUuxw==",
        "dependencies": {}
      }
    }
  },
  "remote": {
    "https://deno.land/std@0.211.0/encoding/_util.ts": "beacef316c1255da9bc8e95afb1fa56ed69baef919c88dc06ae6cb7a6103d376",
    "https://deno.land/std@0.211.0/encoding/base64.ts": "0ec6d6e6b68fc38f6396277e5184bcd47c1a9db0222fd0b563487eb67e352741",
    "https://esm.sh/preact-render-to-string@6.3.1": "0271e7b46cc287b7402e0ff3f6cb7acc2d705c88507c40ebb6492b4b6994a7eb",
    "https://esm.sh/preact@10.19.3": "8a3e9b595ba7e875e03693798b455d7846e54e34e1946e20c87a4945677ffea5",
    "https://esm.sh/stable/preact@10.19.2/denonext/preact.mjs": "dc999b6432dc04d74ad7b692a8801f346294d815266dff915d0f222c120fd0b0",
    "https://esm.sh/stable/preact@10.19.3/denonext/preact.mjs": "56bdea10da1452aff749df2c9371c1368a90449cc53c522fa2e332327b33a860",
    "https://esm.sh/v135/preact-render-to-string@6.3.1/denonext/preact-render-to-string.mjs": "4a20c2006328c1bf41ea0320558e0ed0a9f7835e83eabd33844c86ad1fc726dc"
  }
}
